
Microsoft Visual Studio Solution File, Format Version 12.00
# Visual Studio Version 16
VisualStudioVersion = 25.0.1705.0
MinimumVisualStudioVersion = 10.0.40219.1
Project("{FAE04EC0-301F-11D3-BF4B-00C04F79EFBC}") = "Appointments_API", "Appointments_API\Appointments_API.csproj", "{8978C8AA-FEE1-4201-ACCA-0F156C8188F8}"
EndProject
Global
	GlobalSection(SolutionConfigurationPlatforms) = preSolution
		Debug|Any CPU = Debug|Any CPU
		Release|Any CPU = Release|Any CPU
	EndGlobalSection
	GlobalSection(ProjectConfigurationPlatforms) = postSolution
		{8978C8AA-FEE1-4201-ACCA-0F156C8188F8}.Debug|Any CPU.ActiveCfg = Debug|Any CPU
		{8978C8AA-FEE1-4201-ACCA-0F156C8188F8}.Debug|Any CPU.Build.0 = Debug|Any CPU
		{8978C8AA-FEE1-4201-ACCA-0F156C8188F8}.Release|Any CPU.ActiveCfg = Release|Any CPU
		{8978C8AA-FEE1-4201-ACCA-0F156C8188F8}.Release|Any CPU.Build.0 = Release|Any CPU
	EndGlobalSection
	GlobalSection(SolutionProperties) = preSolution
		HideSolutionNode = FALSE
	EndGlobalSection
	GlobalSection(ExtensibilityGlobals) = postSolution
		SolutionGuid = {955C5DA0-5722-42C8-B44F-BC28B3978DB5}
	EndGlobalSection
EndGlobal
